
Microsoft Visual Studio Solution File, Format Version 12.00
# Visual Studio Version 16
VisualStudioVersion = 16.0.32929.386
MinimumVisualStudioVersion = 10.0.40219.1
Project("{FAE04EC0-301F-11D3-BF4B-00C04F79EFBC}") = "API_REST", "API_REST\API_REST.csproj", "{AF437FFC-57E9-4B0E-A32F-D39EFB553837}"
EndProject
Global
	GlobalSection(SolutionConfigurationPlatforms) = preSolution
		Debug|Any CPU = Debug|Any CPU
		Release|Any CPU = Release|Any CPU
	EndGlobalSection
	GlobalSection(ProjectConfigurationPlatforms) = postSolution
		{AF437FFC-57E9-4B0E-A32F-D39EFB553837}.Debug|Any CPU.ActiveCfg = Debug|Any CPU
		{AF437FFC-57E9-4B0E-A32F-D39EFB553837}.Debug|Any CPU.Build.0 = Debug|Any CPU
		{AF437FFC-57E9-4B0E-A32F-D39EFB553837}.Release|Any CPU.ActiveCfg = Release|Any CPU
		{AF437FFC-57E9-4B0E-A32F-D39EFB553837}.Release|Any CPU.Build.0 = Release|Any CPU
	EndGlobalSection
	GlobalSection(SolutionProperties) = preSolution
		HideSolutionNode = FALSE
	EndGlobalSection
	GlobalSection(ExtensibilityGlobals) = postSolution
		SolutionGuid = {DDF511EC-75C7-4F70-AB77-4CAB872D8D94}
	EndGlobalSection
EndGlobal
